PODS:
  - ReplacementRangeSlider (0.1.0)

DEPENDENCIES:
  - ReplacementRangeSlider (from `../`)

EXTERNAL SOURCES:
  ReplacementRangeSlider:
    :path: "../"

SPEC CHECKSUMS:
  ReplacementRangeSlider: 22595b23635e495a751697ef664c10ca9c965d4c

PODFILE CHECKSUM: 8c4a5e139efe45f7a444df42c8ef6c2eee1f053c

COCOAPODS: 1.2.1
